// !$*UTF8*$!
{
	archiveVersion = 1;
	classes = {
	};
	objectVersion = 56;
	objects = {

/* Begin PBXBuildFile section */
		AA562143294DEED40049948F /* NetworkSupport.swift in Sources */ = {isa = PBXBuildFile; fileRef = AA562142294DEED40049948F /* NetworkSupport.swift */; };
		AAC79C3A294DA094003E037C /* PhotoCollection.swift in Sources */ = {isa = PBXBuildFile; fileRef = AAC79C2C294DA093003E037C /* PhotoCollection.swift */; };
		AAC79C3B294DA094003E037C /* PhotoAssetCollection.swift in Sources */ = {isa = PBXBuildFile; fileRef = AAC79C2D294DA093003E037C /* PhotoAssetCollection.swift */; };
		AAC79C3C294DA094003E037C /* PhotoLibrary.swift in Sources */ = {isa = PBXBuildFile; fileRef = AAC79C2E294DA093003E037C /* PhotoLibrary.swift */; };
		AAC79C3D294DA094003E037C /* PhotoAsset.swift in Sources */ = {isa = PBXBuildFile; fileRef = AAC79C2F294DA093003E037C /* PhotoAsset.swift */; };
		AAC79C3E294DA094003E037C /* CameraApp.swift in Sources */ = {isa = PBXBuildFile; fileRef = AAC79C30294DA093003E037C /* CameraApp.swift */; };
		AAC79C3F294DA094003E037C /* CameraView.swift in Sources */ = {isa = PBXBuildFile; fileRef = AAC79C31294DA093003E037C /* CameraView.swift */; };
		AAC79C40294DA094003E037C /* PhotoCollectionView.swift in Sources */ = {isa = PBXBuildFile; fileRef = AAC79C32294DA093003E037C /* PhotoCollectionView.swift */; };
		AAC79C41294DA094003E037C /* PhotoItemView.swift in Sources */ = {isa = PBXBuildFile; fileRef = AAC79C33294DA094003E037C /* PhotoItemView.swift */; };
		AAC79C42294DA094003E037C /* PhotoView.swift in Sources */ = {isa = PBXBuildFile; fileRef = AAC79C34294DA094003E037C /* PhotoView.swift */; };
		AAC79C43294DA094003E037C /* CachedImageManager.swift in Sources */ = {isa = PBXBuildFile; fileRef = AAC79C35294DA094003E037C /* CachedImageManager.swift */; };
		AAC79C44294DA094003E037C /* DataModel.swift in Sources */ = {isa = PBXBuildFile; fileRef = AAC79C36294DA094003E037C /* DataModel.swift */; };
		AAC79C45294DA094003E037C /* ViewfinderView.swift in Sources */ = {isa = PBXBuildFile; fileRef = AAC79C37294DA094003E037C /* ViewfinderView.swift */; };
		AAC79C46294DA094003E037C /* Camera.swift in Sources */ = {isa = PBXBuildFile; fileRef = AAC79C38294DA094003E037C /* Camera.swift */; };
		AAC79C47294DA094003E037C /* ThumbnailView.swift in Sources */ = {isa = PBXBuildFile; fileRef = AAC79C39294DA094003E037C /* ThumbnailView.swift */; };
		AAF00E21294B321F00D8CE69 /* Assets.xcassets in Resources */ = {isa = PBXBuildFile; fileRef = AAF00E20294B321F00D8CE69 /* Assets.xcassets */; };
		AAF00E24294B321F00D8CE69 /* Preview Assets.xcassets in Resources */ = {isa = PBXBuildFile; fileRef = AAF00E23294B321F00D8CE69 /* Preview Assets.xcassets */; };
/* End PBXBuildFile section */

/* Begin PBXFileReference section */
		AA562142294DEED40049948F /* NetworkSupport.swift */ = {isa = PBXFileReference; lastKnownFileType = sourcecode.swift; path = NetworkSupport.swift; sourceTree = "<group>"; };
		AA562144294DFB840049948F /* Info.plist */ = {isa = PBXFileReference; lastKnownFileType = text.plist; path = Info.plist; sourceTree = "<group>"; };
		AAC79C2C294DA093003E037C /* PhotoCollection.swift */ = {isa = PBXFileReference; fileEncoding = 4; lastKnownFileType = sourcecode.swift; path = PhotoCollection.swift; sourceTree = "<group>"; };
		AAC79C2D294DA093003E037C /* PhotoAssetCollection.swift */ = {isa = PBXFileReference; fileEncoding = 4; lastKnownFileType = sourcecode.swift; path = PhotoAssetCollection.swift; sourceTree = "<group>"; };
		AAC79C2E294DA093003E037C /* PhotoLibrary.swift */ = {isa = PBXFileReference; fileEncoding = 4; lastKnownFileType = sourcecode.swift; path = PhotoLibrary.swift; sourceTree = "<group>"; };
		AAC79C2F294DA093003E037C /* PhotoAsset.swift */ = {isa = PBXFileReference; fileEncoding = 4; lastKnownFileType = sourcecode.swift; path = PhotoAsset.swift; sourceTree = "<group>"; };
		AAC79C30294DA093003E037C /* CameraApp.swift */ = {isa = PBXFileReference; fileEncoding = 4; lastKnownFileType = sourcecode.swift; path = CameraApp.swift; sourceTree = "<group>"; };
		AAC79C31294DA093003E037C /* CameraView.swift */ = {isa = PBXFileReference; fileEncoding = 4; lastKnownFileType = sourcecode.swift; path = CameraView.swift; sourceTree = "<group>"; };
		AAC79C32294DA093003E037C /* PhotoCollectionView.swift */ = {isa = PBXFileReference; fileEncoding = 4; lastKnownFileType = sourcecode.swift; path = PhotoCollectionView.swift; sourceTree = "<group>"; };
		AAC79C33294DA094003E037C /* PhotoItemView.swift */ = {isa = PBXFileReference; fileEncoding = 4; lastKnownFileType = sourcecode.swift; path = PhotoItemView.swift; sourceTree = "<group>"; };
		AAC79C34294DA094003E037C /* PhotoView.swift */ = {isa = PBXFileReference; fileEncoding = 4; lastKnownFileType = sourcecode.swift; path = PhotoView.swift; sourceTree = "<group>"; };
		AAC79C35294DA094003E037C /* CachedImageManager.swift */ = {isa = PBXFileReference; fileEncoding = 4; lastKnownFileType = sourcecode.swift; path = CachedImageManager.swift; sourceTree = "<group>"; };
		AAC79C36294DA094003E037C /* DataModel.swift */ = {isa = PBXFileReference; fileEncoding = 4; lastKnownFileType = sourcecode.swift; path = DataModel.swift; sourceTree = "<group>"; };
		AAC79C37294DA094003E037C /* ViewfinderView.swift */ = {isa = PBXFileReference; fileEncoding = 4; lastKnownFileType = sourcecode.swift; path = ViewfinderView.swift; sourceTree = "<group>"; };
		AAC79C38294DA094003E037C /* Camera.swift */ = {isa = PBXFileReference; fileEncoding = 4; lastKnownFileType = sourcecode.swift; path = Camera.swift; sourceTree = "<group>"; };
		AAC79C39294DA094003E037C /* ThumbnailView.swift */ = {isa = PBXFileReference; fileEncoding = 4; lastKnownFileType = sourcecode.swift; path = ThumbnailView.swift; sourceTree = "<group>"; };
		AAF00E19294B321E00D8CE69 /* VisualCamera.app */ = {isa = PBXFileReference; explicitFileType = wrapper.application; includeInIndex = 0; path = VisualCamera.app; sourceTree = BUILT_PRODUCTS_DIR; };
		AAF00E20294B321F00D8CE69 /* Assets.xcassets */ = {isa = PBXFileReference; lastKnownFileType = folder.assetcatalog; path = Assets.xcassets; sourceTree = "<group>"; };
		AAF00E23294B321F00D8CE69 /* Preview Assets.xcassets */ = {isa = PBXFileReference; lastKnownFileType = folder.assetcatalog; path = "Preview Assets.xcassets"; sourceTree = "<group>"; };
		AAF00E56294B37A300D8CE69 /* VisualCamera.entitlements */ = {isa = PBXFileReference; lastKnownFileType = text.plist.entitlements; path = VisualCamera.entitlements; sourceTree = "<group>"; };
/* End PBXFileReference section */

/* Begin PBXFrameworksBuildPhase section */
		AAF00E16294B321E00D8CE69 /* Frameworks */ = {
			isa = PBXFrameworksBuildPhase;
			buildActionMask = 2147483647;
			files = (
			);
			runOnlyForDeploymentPostprocessing = 0;
		};
/* End PBXFrameworksBuildPhase section */

/* Begin PBXGroup section */
		AAF00E10294B321E00D8CE69 = {
			isa = PBXGroup;
			children = (
				AAF00E1B294B321E00D8CE69 /* VisualCamera */,
				AAF00E1A294B321E00D8CE69 /* Products */,
			);
			sourceTree = "<group>";
		};
		AAF00E1A294B321E00D8CE69 /* Products */ = {
			isa = PBXGroup;
			children = (
				AAF00E19294B321E00D8CE69 /* VisualCamera.app */,
			);
			name = Products;
			sourceTree = "<group>";
		};
		AAF00E1B294B321E00D8CE69 /* VisualCamera */ = {
			isa = PBXGroup;
			children = (
				AA562144294DFB840049948F /* Info.plist */,
				AAF00E56294B37A300D8CE69 /* VisualCamera.entitlements */,
				AAC79C35294DA094003E037C /* CachedImageManager.swift */,
				AAC79C38294DA094003E037C /* Camera.swift */,
				AA562142294DEED40049948F /* NetworkSupport.swift */,
				AAC79C30294DA093003E037C /* CameraApp.swift */,
				AAC79C31294DA093003E037C /* CameraView.swift */,
				AAC79C36294DA094003E037C /* DataModel.swift */,
				AAC79C2F294DA093003E037C /* PhotoAsset.swift */,
				AAC79C2D294DA093003E037C /* PhotoAssetCollection.swift */,
				AAC79C32294DA093003E037C /* PhotoCollectionView.swift */,
				AAC79C33294DA094003E037C /* PhotoItemView.swift */,
				AAC79C39294DA094003E037C /* ThumbnailView.swift */,
				AAC79C2C294DA093003E037C /* PhotoCollection.swift */,
				AAC79C2E294DA093003E037C /* PhotoLibrary.swift */,
				AAC79C34294DA094003E037C /* PhotoView.swift */,
				AAC79C37294DA094003E037C /* ViewfinderView.swift */,
				AAF00E20294B321F00D8CE69 /* Assets.xcassets */,
				AAF00E22294B321F00D8CE69 /* Preview Content */,
			);
			path = VisualCamera;
			sourceTree = "<group>";
		};
		AAF00E22294B321F00D8CE69 /* Preview Content */ = {
			isa = PBXGroup;
			children = (
				AAF00E23294B321F00D8CE69 /* Preview Assets.xcassets */,
			);
			path = "Preview Content";
			sourceTree = "<group>";
		};
/* End PBXGroup section */

/* Begin PBXNativeTarget section */
		AAF00E18294B321E00D8CE69 /* VisualCamera */ = {
			isa = PBXNativeTarget;
			buildConfigurationList = AAF00E27294B321F00D8CE69 /* Build configuration list for PBXNativeTarget "VisualCamera" */;
			buildPhases = (
				AAF00E15294B321E00D8CE69 /* Sources */,
				AAF00E16294B321E00D8CE69 /* Frameworks */,
				AAF00E17294B321E00D8CE69 /* Resources */,
			);
			buildRules = (
			);
			dependencies = (
			);
			name = VisualCamera;
			productName = VisualCamera;
			productReference = AAF00E19294B321E00D8CE69 /* VisualCamera.app */;
			productType = "com.apple.product-type.application";
		};
/* End PBXNativeTarget section */

/* Begin PBXProject section */
		AAF00E11294B321E00D8CE69 /* Project object */ = {
			isa = PBXProject;
			attributes = {
				BuildIndependentTargetsInParallel = 1;
				LastSwiftUpdateCheck = 1420;
				LastUpgradeCheck = 1420;
				TargetAttributes = {
					AAF00E18294B321E00D8CE69 = {
						CreatedOnToolsVersion = 14.2;
						LastSwiftMigration = 1420;
					};
				};
			};
			buildConfigurationList = AAF00E14294B321E00D8CE69 /* Build configuration list for PBXProject "VisualCamera" */;
			compatibilityVersion = "Xcode 14.0";
			developmentRegion = en;
			hasScannedForEncodings = 0;
			knownRegions = (
				en,
				Base,
			);
			mainGroup = AAF00E10294B321E00D8CE69;
			productRefGroup = AAF00E1A294B321E00D8CE69 /* Products */;
			projectDirPath = "";
			projectRoot = "";
			targets = (
				AAF00E18294B321E00D8CE69 /* VisualCamera */,
			);
		};
/* End PBXProject section */

/* Begin PBXResourcesBuildPhase section */
		AAF00E17294B321E00D8CE69 /* Resources */ = {
			isa = PBXResourcesBuildPhase;
			buildActionMask = 2147483647;
			files = (
				AAF00E24294B321F00D8CE69 /* Preview Assets.xcassets in Resources */,
				AAF00E21294B321F00D8CE69 /* Assets.xcassets in Resources */,
			);
			runOnlyForDeploymentPostprocessing = 0;
		};
/* End PBXResourcesBuildPhase section */

/* Begin PBXSourcesBuildPhase section */
		AAF00E15294B321E00D8CE69 /* Sources */ = {
			isa = PBXSourcesBuildPhase;
			buildActionMask = 2147483647;
			files = (
				AAC79C43294DA094003E037C /* CachedImageManager.swift in Sources */,
				AAC79C3C294DA094003E037C /* PhotoLibrary.swift in Sources */,
				AAC79C3A294DA094003E037C /* PhotoCollection.swift in Sources */,
				AAC79C3F294DA094003E037C /* CameraView.swift in Sources */,
				AAC79C47294DA094003E037C /* ThumbnailView.swift in Sources */,
				AA562143294DEED40049948F /* NetworkSupport.swift in Sources */,
				AAC79C45294DA094003E037C /* ViewfinderView.swift in Sources */,
				AAC79C44294DA094003E037C /* DataModel.swift in Sources */,
				AAC79C3D294DA094003E037C /* PhotoAsset.swift in Sources */,
				AAC79C42294DA094003E037C /* PhotoView.swift in Sources */,
				AAC79C46294DA094003E037C /* Camera.swift in Sources */,
				AAC79C3B294DA094003E037C /* PhotoAssetCollection.swift in Sources */,
				AAC79C41294DA094003E037C /* PhotoItemView.swift in Sources */,
				AAC79C40294DA094003E037C /* PhotoCollectionView.swift in Sources */,
				AAC79C3E294DA094003E037C /* CameraApp.swift in Sources */,
			);
			runOnlyForDeploymentPostprocessing = 0;
		};
/* End PBXSourcesBuildPhase section */

/* Begin XCBuildConfiguration section */
		AAF00E25294B321F00D8CE69 /* Debug */ = {
			isa = XCBuildConfiguration;
			buildSettings = {
				ALWAYS_SEARCH_USER_PATHS = NO;
				CLANG_ANALYZER_NONNULL = YES;
				CLANG_ANALYZER_NUMBER_OBJECT_CONVERSION = YES_AGGRESSIVE;
				CLANG_CXX_LANGUAGE_STANDARD = "gnu++20";
				CLANG_ENABLE_MODULES = YES;
				CLANG_ENABLE_OBJC_ARC = YES;
				CLANG_ENABLE_OBJC_WEAK = YES;
				CLANG_WARN_BLOCK_CAPTURE_AUTORELEASING = YES;
				CLANG_WARN_BOOL_CONVERSION = YES;
				CLANG_WARN_COMMA = YES;
				CLANG_WARN_CONSTANT_CONVERSION = YES;
				CLANG_WARN_DEPRECATED_OBJC_IMPLEMENTATIONS = YES;
				CLANG_WARN_DIRECT_OBJC_ISA_USAGE = YES_ERROR;
				CLANG_WARN_DOCUMENTATION_COMMENTS = YES;
				CLANG_WARN_EMPTY_BODY = YES;
				CLANG_WARN_ENUM_CONVERSION = YES;
				CLANG_WARN_INFINITE_RECURSION = YES;
				CLANG_WARN_INT_CONVERSION = YES;
				CLANG_WARN_NON_LITERAL_NULL_CONVERSION = YES;
				CLANG_WARN_OBJC_IMPLICIT_RETAIN_SELF = YES;
				CLANG_WARN_OBJC_LITERAL_CONVERSION = YES;
				CLANG_WARN_OBJC_ROOT_CLASS = YES_ERROR;
				CLANG_WARN_QUOTED_INCLUDE_IN_FRAMEWORK_HEADER = YES;
				CLANG_WARN_RANGE_LOOP_ANALYSIS = YES;
				CLANG_WARN_STRICT_PROTOTYPES = YES;
				CLANG_WARN_SUSPICIOUS_MOVE = YES;
				CLANG_WARN_UNGUARDED_AVAILABILITY = YES_AGGRESSIVE;
				CLANG_WARN_UNREACHABLE_CODE = YES;
				CLANG_WARN__DUPLICATE_METHOD_MATCH = YES;
				COPY_PHASE_STRIP = NO;
				DEBUG_INFORMATION_FORMAT = dwarf;
				ENABLE_STRICT_OBJC_MSGSEND = YES;
				ENABLE_TESTABILITY = YES;
				GCC_C_LANGUAGE_STANDARD = gnu11;
				GCC_DYNAMIC_NO_PIC = NO;
				GCC_NO_COMMON_BLOCKS = YES;
				GCC_OPTIMIZATION_LEVEL = 0;
				GCC_PREPROCESSOR_DEFINITIONS = (
					"DEBUG=1",
					"$(inherited)",
				);
				GCC_WARN_64_TO_32_BIT_CONVERSION = YES;
				GCC_WARN_ABOUT_RETURN_TYPE = YES_ERROR;
				GCC_WARN_UNDECLARED_SELECTOR = YES;
				GCC_WARN_UNINITIALIZED_AUTOS = YES_AGGRESSIVE;
				GCC_WARN_UNUSED_FUNCTION = YES;
				GCC_WARN_UNUSED_VARIABLE = YES;
				IPHONEOS_DEPLOYMENT_TARGET = 16.2;
				MTL_ENABLE_DEBUG_INFO = INCLUDE_SOURCE;
				MTL_FAST_MATH = YES;
				ONLY_ACTIVE_ARCH = YES;
				SDKROOT = iphoneos;
				SWIFT_ACTIVE_COMPILATION_CONDITIONS = DEBUG;
				SWIFT_OPTIMIZATION_LEVEL = "-Onone";
			};
			name = Debug;
		};
		AAF00E26294B321F00D8CE69 /* Release */ = {
			isa = XCBuildConfiguration;
			buildSettings = {
				ALWAYS_SEARCH_USER_PATHS = NO;
				CLANG_ANALYZER_NONNULL = YES;
				CLANG_ANALYZER_NUMBER_OBJECT_CONVERSION = YES_AGGRESSIVE;
				CLANG_CXX_LANGUAGE_STANDARD = "gnu++20";
				CLANG_ENABLE_MODULES = YES;
				CLANG_ENABLE_OBJC_ARC = YES;
				CLANG_ENABLE_OBJC_WEAK = YES;
				CLANG_WARN_BLOCK_CAPTURE_AUTORELEASING = YES;
				CLANG_WARN_BOOL_CONVERSION = YES;
				CLANG_WARN_COMMA = YES;
				CLANG_WARN_CONSTANT_CONVERSION = YES;
				CLANG_WARN_DEPRECATED_OBJC_IMPLEMENTATIONS = YES;
				CLANG_WARN_DIRECT_OBJC_ISA_USAGE = YES_ERROR;
				CLANG_WARN_DOCUMENTATION_COMMENTS = YES;
				CLANG_WARN_EMPTY_BODY = YES;
				CLANG_WARN_ENUM_CONVERSION = YES;
				CLANG_WARN_INFINITE_RECURSION = YES;
				CLANG_WARN_INT_CONVERSION = YES;
				CLANG_WARN_NON_LITERAL_NULL_CONVERSION = YES;
				CLANG_WARN_OBJC_IMPLICIT_RETAIN_SELF = YES;
				CLANG_WARN_OBJC_LITERAL_CONVERSION = YES;
				CLANG_WARN_OBJC_ROOT_CLASS = YES_ERROR;
				CLANG_WARN_QUOTED_INCLUDE_IN_FRAMEWORK_HEADER = YES;
				CLANG_WARN_RANGE_LOOP_ANALYSIS = YES;
				CLANG_WARN_STRICT_PROTOTYPES = YES;
				CLANG_WARN_SUSPICIOUS_MOVE = YES;
				CLANG_WARN_UNGUARDED_AVAILABILITY = YES_AGGRESSIVE;
				CLANG_WARN_UNREACHABLE_CODE = YES;
				CLANG_WARN__DUPLICATE_METHOD_MATCH = YES;
				COPY_PHASE_STRIP = NO;
				DEBUG_INFORMATION_FORMAT = "dwarf-with-dsym";
				ENABLE_NS_ASSERTIONS = NO;
				ENABLE_STRICT_OBJC_MSGSEND = YES;
				GCC_C_LANGUAGE_STANDARD = gnu11;
				GCC_NO_COMMON_BLOCKS = YES;
				GCC_WARN_64_TO_32_BIT_CONVERSION = YES;
				GCC_WARN_ABOUT_RETURN_TYPE = YES_ERROR;
				GCC_WARN_UNDECLARED_SELECTOR = YES;
				GCC_WARN_UNINITIALIZED_AUTOS = YES_AGGRESSIVE;
				GCC_WARN_UNUSED_FUNCTION = YES;
				GCC_WARN_UNUSED_VARIABLE = YES;
				IPHONEOS_DEPLOYMENT_TARGET = 16.2;
				MTL_ENABLE_DEBUG_INFO = NO;
				MTL_FAST_MATH = YES;
				SDKROOT = iphoneos;
				SWIFT_COMPILATION_MODE = wholemodule;
				SWIFT_OPTIMIZATION_LEVEL = "-O";
				VALIDATE_PRODUCT = YES;
			};
			name = Release;
		};
		AAF00E28294B321F00D8CE69 /* Debug */ = {
			isa = XCBuildConfiguration;
			buildSettings = {
				ASSETCATALOG_COMPILER_APPICON_NAME = AppIcon;
				ASSETCATALOG_COMPILER_GLOBAL_ACCENT_COLOR_NAME = AccentColor;
				CLANG_ENABLE_MODULES = YES;
				CODE_SIGN_ENTITLEMENTS = VisualCamera/VisualCamera.entitlements;
				CODE_SIGN_STYLE = Automatic;
				CURRENT_PROJECT_VERSION = 1;
				DEVELOPMENT_ASSET_PATHS = "\"VisualCamera/Preview Content\"";
				DEVELOPMENT_TEAM = 8GYXTCSZPZ;
				"ENABLE_HARDENED_RUNTIME[sdk=macosx*]" = YES;
				ENABLE_PREVIEWS = YES;
				GENERATE_INFOPLIST_FILE = YES;
				INFOPLIST_FILE = VisualCamera/Info.plist;
				INFOPLIST_KEY_NSCameraUsageDescription = "";
				INFOPLIST_KEY_NSPhotoLibraryAddUsageDescription = "";
				INFOPLIST_KEY_NSPhotoLibraryUsageDescription = "";
				INFOPLIST_KEY_UIApplicationSceneManifest_Generation = YES;
				INFOPLIST_KEY_UIApplicationSupportsIndirectInputEvents = YES;
				INFOPLIST_KEY_UILaunchScreen_Generation = YES;
				INFOPLIST_KEY_UISupportedInterfaceOrientations_iPad = "UIInterfaceOrientationPortrait UIInterfaceOrientationPortraitUpsideDown UIInterfaceOrientationLandscapeLeft UIInterfaceOrientationLandscapeRight";
				INFOPLIST_KEY_UISupportedInterfaceOrientations_iPhone = "UIInterfaceOrientationPortrait UIInterfaceOrientationLandscapeLeft UIInterfaceOrientationLandscapeRight";
				INFOPLIST_KEY_UIUserInterfaceStyle = Dark;
				IPHONEOS_DEPLOYMENT_TARGET = 16.0;
				LD_RUNPATH_SEARCH_PATHS = (
					"$(inherited)",
					"@executable_path/Frameworks",
				);
				MARKETING_VERSION = 1.0;
				PRODUCT_BUNDLE_IDENTIFIER = com.stv.x.VisualCamera;
				PRODUCT_NAME = "$(TARGET_NAME)";
				SUPPORTED_PLATFORMS = "iphoneos iphonesimulator";
				SUPPORTS_MACCATALYST = YES;
				SUPPORTS_MAC_DESIGNED_FOR_IPHONE_IPAD = NO;
				SWIFT_EMIT_LOC_STRINGS = YES;
				SWIFT_OPTIMIZATION_LEVEL = "-Onone";
				SWIFT_VERSION = 5.0;
				TARGETED_DEVICE_FAMILY = "1,2";
			};
			name = Debug;
		};
		AAF00E29294B321F00D8CE69 /* Release */ = {
			isa = XCBuildConfiguration;
			buildSettings = {
				ASSETCATALOG_COMPILER_APPICON_NAME = AppIcon;
				ASSETCATALOG_COMPILER_GLOBAL_ACCENT_COLOR_NAME = AccentColor;
				CLANG_ENABLE_MODULES = YES;
				CODE_SIGN_ENTITLEMENTS = VisualCamera/VisualCamera.entitlements;
				CODE_SIGN_STYLE = Automatic;
				CURRENT_PROJECT_VERSION = 1;
				DEVELOPMENT_ASSET_PATHS = "\"VisualCamera/Preview Content\"";
				DEVELOPMENT_TEAM = 8GYXTCSZPZ;
				"ENABLE_HARDENED_RUNTIME[sdk=macosx*]" = YES;
				ENABLE_PREVIEWS = YES;
				GENERATE_INFOPLIST_FILE = YES;
				INFOPLIST_FILE = VisualCamera/Info.plist;
				INFOPLIST_KEY_NSCameraUsageDescription = "";
				INFOPLIST_KEY_NSPhotoLibraryAddUsageDescription = "";
				INFOPLIST_KEY_NSPhotoLibraryUsageDescription = "";
				INFOPLIST_KEY_UIApplicationSceneManifest_Generation = YES;
				INFOPLIST_KEY_UIApplicationSupportsIndirectInputEvents = YES;
				INFOPLIST_KEY_UILaunchScreen_Generation = YES;
				INFOPLIST_KEY_UISupportedInterfaceOrientations_iPad = "UIInterfaceOrientationPortrait UIInterfaceOrientationPortraitUpsideDown UIInterfaceOrientationLandscapeLeft UIInterfaceOrientationLandscapeRight";
				INFOPLIST_KEY_UISupportedInterfaceOrientations_iPhone = "UIInterfaceOrientationPortrait UIInterfaceOrientationLandscapeLeft UIInterfaceOrientationLandscapeRight";
				INFOPLIST_KEY_UIUserInterfaceStyle = Dark;
				IPHONEOS_DEPLOYMENT_TARGET = 16.0;
				LD_RUNPATH_SEARCH_PATHS = (
					"$(inherited)",
					"@executable_path/Frameworks",
				);
				MARKETING_VERSION = 1.0;
				PRODUCT_BUNDLE_IDENTIFIER = com.stv.x.VisualCamera;
				PRODUCT_NAME = "$(TARGET_NAME)";
				SUPPORTED_PLATFORMS = "iphoneos iphonesimulator";
				SUPPORTS_MACCATALYST = YES;
				SUPPORTS_MAC_DESIGNED_FOR_IPHONE_IPAD = NO;
				SWIFT_EMIT_LOC_STRINGS = YES;
				SWIFT_VERSION = 5.0;
				TARGETED_DEVICE_FAMILY = "1,2";
			};
			name = Release;
		};
/* End XCBuildConfiguration section */

/* Begin XCConfigurationList section */
		AAF00E14294B321E00D8CE69 /* Build configuration list for PBXProject "VisualCamera" */ = {
			isa = XCConfigurationList;
			buildConfigurations = (
				AAF00E25294B321F00D8CE69 /* Debug */,
				AAF00E26294B321F00D8CE69 /* Release */,
			);
			defaultConfigurationIsVisible = 0;
			defaultConfigurationName = Release;
		};
		AAF00E27294B321F00D8CE69 /* Build configuration list for PBXNativeTarget "VisualCamera" */ = {
			isa = XCConfigurationList;
			buildConfigurations = (
				AAF00E28294B321F00D8CE69 /* Debug */,
				AAF00E29294B321F00D8CE69 /* Release */,
			);
			defaultConfigurationIsVisible = 0;
			defaultConfigurationName = Release;
		};
/* End XCConfigurationList section */
	};
	rootObject = AAF00E11294B321E00D8CE69 /* Project object */;
}
